
Microsoft Visual Studio Solution File, Format Version 12.00
# Visual Studio Version 17
VisualStudioVersion = 17.10.34916.146
MinimumVisualStudioVersion = 10.0.40219.1
Project("{FAE04EC0-301F-11D3-BF4B-00C04F79EFBC}") = "Project3", "Project3\Project3.csproj", "{133BBBEF-2000-4AE4-82EB-0DC9C182165B}"
EndProject
Project("{8BC9CEB8-8B4A-11D0-8D11-00A0C91BC942}") = "Dll", "Dll\Dll.vcxproj", "{D37377B0-D4F9-428C-B2ED-FA97851087D7}"
EndProject
Global
	GlobalSection(SolutionConfigurationPlatforms) = preSolution
		Debug|Any CPU = Debug|Any CPU
		Debug|x64 = Debug|x64
		Debug|x86 = Debug|x86
		Release|Any CPU = Release|Any CPU
		Release|x64 = Release|x64
		Release|x86 = Release|x86
	EndGlobalSection
	GlobalSection(ProjectConfigurationPlatforms) = postSolution
		{133BBBEF-2000-4AE4-82EB-0DC9C182165B}.Debug|Any CPU.ActiveCfg = Debug|Any CPU
		{133BBBEF-2000-4AE4-82EB-0DC9C182165B}.Debug|Any CPU.Build.0 = Debug|Any CPU
		{133BBBEF-2000-4AE4-82EB-0DC9C182165B}.Debug|x64.ActiveCfg = Debug|Any CPU
		{133BBBEF-2000-4AE4-82EB-0DC9C182165B}.Debug|x64.Build.0 = Debug|Any CPU
		{133BBBEF-2000-4AE4-82EB-0DC9C182165B}.Debug|x86.ActiveCfg = Debug|Any CPU
		{133BBBEF-2000-4AE4-82EB-0DC9C182165B}.Debug|x86.Build.0 = Debug|Any CPU
		{133BBBEF-2000-4AE4-82EB-0DC9C182165B}.Release|Any CPU.ActiveCfg = Release|Any CPU
		{133BBBEF-2000-4AE4-82EB-0DC9C182165B}.Release|Any CPU.Build.0 = Release|Any CPU
		{133BBBEF-2000-4AE4-82EB-0DC9C182165B}.Release|x64.ActiveCfg = Release|Any CPU
		{133BBBEF-2000-4AE4-82EB-0DC9C182165B}.Release|x64.Build.0 = Release|Any CPU
		{133BBBEF-2000-4AE4-82EB-0DC9C182165B}.Release|x86.ActiveCfg = Release|Any CPU
		{133BBBEF-2000-4AE4-82EB-0DC9C182165B}.Release|x86.Build.0 = Release|Any CPU
		{D37377B0-D4F9-428C-B2ED-FA97851087D7}.Debug|Any CPU.ActiveCfg = Debug|x64
		{D37377B0-D4F9-428C-B2ED-FA97851087D7}.Debug|Any CPU.Build.0 = Debug|x64
		{D37377B0-D4F9-428C-B2ED-FA97851087D7}.Debug|x64.ActiveCfg = Debug|x64
		{D37377B0-D4F9-428C-B2ED-FA97851087D7}.Debug|x64.Build.0 = Debug|x64
		{D37377B0-D4F9-428C-B2ED-FA97851087D7}.Debug|x86.ActiveCfg = Debug|Win32
		{D37377B0-D4F9-428C-B2ED-FA97851087D7}.Debug|x86.Build.0 = Debug|Win32
		{D37377B0-D4F9-428C-B2ED-FA97851087D7}.Release|Any CPU.ActiveCfg = Release|x64
		{D37377B0-D4F9-428C-B2ED-FA97851087D7}.Release|Any CPU.Build.0 = Release|x64
		{D37377B0-D4F9-428C-B2ED-FA97851087D7}.Release|x64.ActiveCfg = Release|x64
		{D37377B0-D4F9-428C-B2ED-FA97851087D7}.Release|x64.Build.0 = Release|x64
		{D37377B0-D4F9-428C-B2ED-FA97851087D7}.Release|x86.ActiveCfg = Release|Win32
		{D37377B0-D4F9-428C-B2ED-FA97851087D7}.Release|x86.Build.0 = Release|Win32
	EndGlobalSection
	GlobalSection(SolutionProperties) = preSolution
		HideSolutionNode = FALSE
	EndGlobalSection
	GlobalSection(ExtensibilityGlobals) = postSolution
		SolutionGuid = {14EC3E73-F65E-46DB-B6FB-E16C91AAFA3D}
	EndGlobalSection
EndGlobal
